
Microsoft Visual Studio Solution File, Format Version 12.00
# Visual Studio Version 17
VisualStudioVersion = 17.9.34622.214
MinimumVisualStudioVersion = 10.0.40219.1
Project("{9A19103F-16F7-4668-BE54-9A1E7A4F7556}") = "Common Shared Services", "Common Shared Services.csproj", "{3ABF5FEA-ACAB-42A2-94FE-FF43E8B27ECB}"
EndProject
Global
	GlobalSection(SolutionConfigurationPlatforms) = preSolution
		Debug|Any CPU = Debug|Any CPU
		Release|Any CPU = Release|Any CPU
	EndGlobalSection
	GlobalSection(ProjectConfigurationPlatforms) = postSolution
		{3ABF5FEA-ACAB-42A2-94FE-FF43E8B27ECB}.Debug|Any CPU.ActiveCfg = Debug|Any CPU
		{3ABF5FEA-ACAB-42A2-94FE-FF43E8B27ECB}.Debug|Any CPU.Build.0 = Debug|Any CPU
		{3ABF5FEA-ACAB-42A2-94FE-FF43E8B27ECB}.Release|Any CPU.ActiveCfg = Release|Any CPU
		{3ABF5FEA-ACAB-42A2-94FE-FF43E8B27ECB}.Release|Any CPU.Build.0 = Release|Any CPU
	EndGlobalSection
	GlobalSection(SolutionProperties) = preSolution
		HideSolutionNode = FALSE
	EndGlobalSection
	GlobalSection(ExtensibilityGlobals) = postSolution
		SolutionGuid = {72599178-48FD-429D-B285-7E89BB175A98}
	EndGlobalSection
EndGlobal
